
Microsoft Visual Studio Solution File, Format Version 12.00
# Visual Studio 2013
VisualStudioVersion = 12.0.21005.1
MinimumVisualStudioVersion = 10.0.40219.1
Project("{FAE04EC0-301F-11D3-BF4B-00C04F79EFBC}") = "VkMusicLibrary", "VkMusicLibrary\VkMusicLibrary.csproj", "{0380C04B-A10F-4782-96AA-A3A16B2E53A3}"
EndProject
Project("{FAE04EC0-301F-11D3-BF4B-00C04F79EFBC}") = "VkMusicWFLibrary", "VkMusicWFLibrary\VkMusicWFLibrary.csproj", "{920281B0-F887-475F-AC1C-FF2899E61FE1}"
EndProject
Global
	GlobalSection(SolutionConfigurationPlatforms) = preSolution
		Debug|Any CPU = Debug|Any CPU
		Release|Any CPU = Release|Any CPU
	EndGlobalSection
	GlobalSection(ProjectConfigurationPlatforms) = postSolution
		{0380C04B-A10F-4782-96AA-A3A16B2E53A3}.Debug|Any CPU.ActiveCfg = Debug|Any CPU
		{0380C04B-A10F-4782-96AA-A3A16B2E53A3}.Debug|Any CPU.Build.0 = Debug|Any CPU
		{0380C04B-A10F-4782-96AA-A3A16B2E53A3}.Release|Any CPU.ActiveCfg = Release|Any CPU
		{0380C04B-A10F-4782-96AA-A3A16B2E53A3}.Release|Any CPU.Build.0 = Release|Any CPU
		{920281B0-F887-475F-AC1C-FF2899E61FE1}.Debug|Any CPU.ActiveCfg = Debug|Any CPU
		{920281B0-F887-475F-AC1C-FF2899E61FE1}.Debug|Any CPU.Build.0 = Debug|Any CPU
		{920281B0-F887-475F-AC1C-FF2899E61FE1}.Release|Any CPU.ActiveCfg = Release|Any CPU
		{920281B0-F887-475F-AC1C-FF2899E61FE1}.Release|Any CPU.Build.0 = Release|Any CPU
	EndGlobalSection
	GlobalSection(SolutionProperties) = preSolution
		HideSolutionNode = FALSE
	EndGlobalSection
EndGlobal
